// !$*UTF8*$!
{
	archiveVersion = 1;
	classes = {
	};
	objectVersion = 50;
	objects = {

/* Begin PBXBuildFile section */
		2B0FAA8D24890E63008F809E /* Constants.swift in Sources */ = {isa = PBXBuildFile; fileRef = 2B0FAA8C24890E63008F809E /* Constants.swift */; };
		2B0FAA9124891238008F809E /* Service.swift in Sources */ = {isa = PBXBuildFile; fileRef = 2B0FAA9024891238008F809E /* Service.swift */; };
		2B0FAA9E24891AE6008F809E /* Maxres.swift in Sources */ = {isa = PBXBuildFile; fileRef = 2B0FAA9324891AE4008F809E /* Maxres.swift */; };
		2B0FAA9F24891AE6008F809E /* High.swift in Sources */ = {isa = PBXBuildFile; fileRef = 2B0FAA9424891AE4008F809E /* High.swift */; };
		2B0FAAA024891AE6008F809E /* Medium.swift in Sources */ = {isa = PBXBuildFile; fileRef = 2B0FAA9524891AE4008F809E /* Medium.swift */; };
		2B0FAAA124891AE6008F809E /* Standard.swift in Sources */ = {isa = PBXBuildFile; fileRef = 2B0FAA9624891AE4008F809E /* Standard.swift */; };
		2B0FAAA224891AE6008F809E /* YouTubeModel.swift in Sources */ = {isa = PBXBuildFile; fileRef = 2B0FAA9724891AE5008F809E /* YouTubeModel.swift */; };
		2B0FAAA324891AE6008F809E /* ResourceId.swift in Sources */ = {isa = PBXBuildFile; fileRef = 2B0FAA9824891AE5008F809E /* ResourceId.swift */; };
		2B0FAAA424891AE6008F809E /* Thumbnails.swift in Sources */ = {isa = PBXBuildFile; fileRef = 2B0FAA9924891AE5008F809E /* Thumbnails.swift */; };
		2B0FAAA524891AE6008F809E /* Default.swift in Sources */ = {isa = PBXBuildFile; fileRef = 2B0FAA9A24891AE5008F809E /* Default.swift */; };
		2B0FAAA624891AE6008F809E /* Items.swift in Sources */ = {isa = PBXBuildFile; fileRef = 2B0FAA9B24891AE5008F809E /* Items.swift */; };
		2B0FAAA724891AE6008F809E /* Snippet.swift in Sources */ = {isa = PBXBuildFile; fileRef = 2B0FAA9C24891AE5008F809E /* Snippet.swift */; };
		2B0FAAA824891AE6008F809E /* PageInfo.swift in Sources */ = {isa = PBXBuildFile; fileRef = 2B0FAA9D24891AE5008F809E /* PageInfo.swift */; };
		2BCDF8212488FDE300974942 /* AppDelegate.swift in Sources */ = {isa = PBXBuildFile; fileRef = 2BCDF8202488FDE300974942 /* AppDelegate.swift */; };
		2BCDF8232488FDE300974942 /* SceneDelegate.swift in Sources */ = {isa = PBXBuildFile; fileRef = 2BCDF8222488FDE300974942 /* SceneDelegate.swift */; };
		2BCDF8252488FDE300974942 /* ViewController.swift in Sources */ = {isa = PBXBuildFile; fileRef = 2BCDF8242488FDE300974942 /* ViewController.swift */; };
		2BCDF8282488FDE300974942 /* Main.storyboard in Resources */ = {isa = PBXBuildFile; fileRef = 2BCDF8262488FDE300974942 /* Main.storyboard */; };
		2BCDF82A2488FDE400974942 /* Assets.xcassets in Resources */ = {isa = PBXBuildFile; fileRef = 2BCDF8292488FDE400974942 /* Assets.xcassets */; };
		2BCDF82D2488FDE400974942 /* LaunchScreen.storyboard in Resources */ = {isa = PBXBuildFile; fileRef = 2BCDF82B2488FDE400974942 /* LaunchScreen.storyboard */; };
/* End PBXBuildFile section */

/* Begin PBXFileReference section */
		2B0FAA8C24890E63008F809E /* Constants.swift */ = {isa = PBXFileReference; lastKnownFileType = sourcecode.swift; path = Constants.swift; sourceTree = "<group>"; };
		2B0FAA9024891238008F809E /* Service.swift */ = {isa = PBXFileReference; lastKnownFileType = sourcecode.swift; path = Service.swift; sourceTree = "<group>"; };
		2B0FAA9324891AE4008F809E /* Maxres.swift */ = {isa = PBXFileReference; fileEncoding = 4; lastKnownFileType = sourcecode.swift; path = Maxres.swift; sourceTree = "<group>"; };
		2B0FAA9424891AE4008F809E /* High.swift */ = {isa = PBXFileReference; fileEncoding = 4; lastKnownFileType = sourcecode.swift; path = High.swift; sourceTree = "<group>"; };
		2B0FAA9524891AE4008F809E /* Medium.swift */ = {isa = PBXFileReference; fileEncoding = 4; lastKnownFileType = sourcecode.swift; path = Medium.swift; sourceTree = "<group>"; };
		2B0FAA9624891AE4008F809E /* Standard.swift */ = {isa = PBXFileReference; fileEncoding = 4; lastKnownFileType = sourcecode.swift; path = Standard.swift; sourceTree = "<group>"; };
		2B0FAA9724891AE5008F809E /* YouTubeModel.swift */ = {isa = PBXFileReference; fileEncoding = 4; lastKnownFileType = sourcecode.swift; path = YouTubeModel.swift; sourceTree = "<group>"; };
		2B0FAA9824891AE5008F809E /* ResourceId.swift */ = {isa = PBXFileReference; fileEncoding = 4; lastKnownFileType = sourcecode.swift; path = ResourceId.swift; sourceTree = "<group>"; };
		2B0FAA9924891AE5008F809E /* Thumbnails.swift */ = {isa = PBXFileReference; fileEncoding = 4; lastKnownFileType = sourcecode.swift; path = Thumbnails.swift; sourceTree = "<group>"; };
		2B0FAA9A24891AE5008F809E /* Default.swift */ = {isa = PBXFileReference; fileEncoding = 4; lastKnownFileType = sourcecode.swift; path = Default.swift; sourceTree = "<group>"; };
		2B0FAA9B24891AE5008F809E /* Items.swift */ = {isa = PBXFileReference; fileEncoding = 4; lastKnownFileType = sourcecode.swift; path = Items.swift; sourceTree = "<group>"; };
		2B0FAA9C24891AE5008F809E /* Snippet.swift */ = {isa = PBXFileReference; fileEncoding = 4; lastKnownFileType = sourcecode.swift; path = Snippet.swift; sourceTree = "<group>"; };
		2B0FAA9D24891AE5008F809E /* PageInfo.swift */ = {isa = PBXFileReference; fileEncoding = 4; lastKnownFileType = sourcecode.swift; path = PageInfo.swift; sourceTree = "<group>"; };
		2BCDF81D2488FDE300974942 /* YouTube_Sample.app */ = {isa = PBXFileReference; explicitFileType = wrapper.application; includeInIndex = 0; path = YouTube_Sample.app; sourceTree = BUILT_PRODUCTS_DIR; };
		2BCDF8202488FDE300974942 /* AppDelegate.swift */ = {isa = PBXFileReference; lastKnownFileType = sourcecode.swift; path = AppDelegate.swift; sourceTree = "<group>"; };
		2BCDF8222488FDE300974942 /* SceneDelegate.swift */ = {isa = PBXFileReference; lastKnownFileType = sourcecode.swift; path = SceneDelegate.swift; sourceTree = "<group>"; };
		2BCDF8242488FDE300974942 /* ViewController.swift */ = {isa = PBXFileReference; lastKnownFileType = sourcecode.swift; path = ViewController.swift; sourceTree = "<group>"; };
		2BCDF8272488FDE300974942 /* Base */ = {isa = PBXFileReference; lastKnownFileType = file.storyboard; name = Base; path = Base.lproj/Main.storyboard; sourceTree = "<group>"; };
		2BCDF8292488FDE400974942 /* Assets.xcassets */ = {isa = PBXFileReference; lastKnownFileType = folder.assetcatalog; path = Assets.xcassets; sourceTree = "<group>"; };
		2BCDF82C2488FDE400974942 /* Base */ = {isa = PBXFileReference; lastKnownFileType = file.storyboard; name = Base; path = Base.lproj/LaunchScreen.storyboard; sourceTree = "<group>"; };
		2BCDF82E2488FDE400974942 /* Info.plist */ = {isa = PBXFileReference; lastKnownFileType = text.plist.xml; path = Info.plist; sourceTree = "<group>"; };
/* End PBXFileReference section */

/* Begin PBXFrameworksBuildPhase section */
		2BCDF81A2488FDE300974942 /* Frameworks */ = {
			isa = PBXFrameworksBuildPhase;
			buildActionMask = 2147483647;
			files = (
			);
			runOnlyForDeploymentPostprocessing = 0;
		};
/* End PBXFrameworksBuildPhase section */

/* Begin PBXGroup section */
		2B0FAA9224891ACF008F809E /* Model */ = {
			isa = PBXGroup;
			children = (
				2B0FAA9A24891AE5008F809E /* Default.swift */,
				2B0FAA9424891AE4008F809E /* High.swift */,
				2B0FAA9B24891AE5008F809E /* Items.swift */,
				2B0FAA9724891AE5008F809E /* YouTubeModel.swift */,
				2B0FAA9324891AE4008F809E /* Maxres.swift */,
				2B0FAA9524891AE4008F809E /* Medium.swift */,
				2B0FAA9D24891AE5008F809E /* PageInfo.swift */,
				2B0FAA9824891AE5008F809E /* ResourceId.swift */,
				2B0FAA9C24891AE5008F809E /* Snippet.swift */,
				2B0FAA9624891AE4008F809E /* Standard.swift */,
				2B0FAA9924891AE5008F809E /* Thumbnails.swift */,
			);
			path = Model;
			sourceTree = "<group>";
		};
		2B0FAAA924891BCC008F809E /* Service */ = {
			isa = PBXGroup;
			children = (
				2B0FAA9024891238008F809E /* Service.swift */,
			);
			path = Service;
			sourceTree = "<group>";
		};
		2BCDF8142488FDE300974942 = {
			isa = PBXGroup;
			children = (
				2BCDF81F2488FDE300974942 /* YouTube_Sample */,
				2BCDF81E2488FDE300974942 /* Products */,
			);
			sourceTree = "<group>";
		};
		2BCDF81E2488FDE300974942 /* Products */ = {
			isa = PBXGroup;
			children = (
				2BCDF81D2488FDE300974942 /* YouTube_Sample.app */,
			);
			name = Products;
			sourceTree = "<group>";
		};
		2BCDF81F2488FDE300974942 /* YouTube_Sample */ = {
			isa = PBXGroup;
			children = (
				2BCDF8202488FDE300974942 /* AppDelegate.swift */,
				2BCDF8222488FDE300974942 /* SceneDelegate.swift */,
				2B0FAA8C24890E63008F809E /* Constants.swift */,
				2B0FAAA924891BCC008F809E /* Service */,
				2B0FAA9224891ACF008F809E /* Model */,
				2BCDF8242488FDE300974942 /* ViewController.swift */,
				2BCDF8262488FDE300974942 /* Main.storyboard */,
				2BCDF8292488FDE400974942 /* Assets.xcassets */,
				2BCDF82B2488FDE400974942 /* LaunchScreen.storyboard */,
				2BCDF82E2488FDE400974942 /* Info.plist */,
			);
			path = YouTube_Sample;
			sourceTree = "<group>";
		};
/* End PBXGroup section */

/* Begin PBXNativeTarget section */
		2BCDF81C2488FDE300974942 /* YouTube_Sample */ = {
			isa = PBXNativeTarget;
			buildConfigurationList = 2BCDF8312488FDE400974942 /* Build configuration list for PBXNativeTarget "YouTube_Sample" */;
			buildPhases = (
				2BCDF8192488FDE300974942 /* Sources */,
				2BCDF81A2488FDE300974942 /* Frameworks */,
				2BCDF81B2488FDE300974942 /* Resources */,
			);
			buildRules = (
			);
			dependencies = (
			);
			name = YouTube_Sample;
			productName = YouTube_Sample;
			productReference = 2BCDF81D2488FDE300974942 /* YouTube_Sample.app */;
			productType = "com.apple.product-type.application";
		};
/* End PBXNativeTarget section */

/* Begin PBXProject section */
		2BCDF8152488FDE300974942 /* Project object */ = {
			isa = PBXProject;
			attributes = {
				LastSwiftUpdateCheck = 1150;
				LastUpgradeCheck = 1150;
				ORGANIZATIONNAME = personal;
				TargetAttributes = {
					2BCDF81C2488FDE300974942 = {
						CreatedOnToolsVersion = 11.5;
					};
				};
			};
			buildConfigurationList = 2BCDF8182488FDE300974942 /* Build configuration list for PBXProject "YouTube_Sample" */;
			compatibilityVersion = "Xcode 9.3";
			developmentRegion = en;
			hasScannedForEncodings = 0;
			knownRegions = (
				en,
				Base,
			);
			mainGroup = 2BCDF8142488FDE300974942;
			productRefGroup = 2BCDF81E2488FDE300974942 /* Products */;
			projectDirPath = "";
			projectRoot = "";
			targets = (
				2BCDF81C2488FDE300974942 /* YouTube_Sample */,
			);
		};
/* End PBXProject section */

/* Begin PBXResourcesBuildPhase section */
		2BCDF81B2488FDE300974942 /* Resources */ = {
			isa = PBXResourcesBuildPhase;
			buildActionMask = 2147483647;
			files = (
				2BCDF82D2488FDE400974942 /* LaunchScreen.storyboard in Resources */,
				2BCDF82A2488FDE400974942 /* Assets.xcassets in Resources */,
				2BCDF8282488FDE300974942 /* Main.storyboard in Resources */,
			);
			runOnlyForDeploymentPostprocessing = 0;
		};
/* End PBXResourcesBuildPhase section */

/* Begin PBXSourcesBuildPhase section */
		2BCDF8192488FDE300974942 /* Sources */ = {
			isa = PBXSourcesBuildPhase;
			buildActionMask = 2147483647;
			files = (
				2BCDF8252488FDE300974942 /* ViewController.swift in Sources */,
				2B0FAAA624891AE6008F809E /* Items.swift in Sources */,
				2B0FAA9E24891AE6008F809E /* Maxres.swift in Sources */,
				2BCDF8212488FDE300974942 /* AppDelegate.swift in Sources */,
				2BCDF8232488FDE300974942 /* SceneDelegate.swift in Sources */,
				2B0FAAA224891AE6008F809E /* YouTubeModel.swift in Sources */,
				2B0FAA8D24890E63008F809E /* Constants.swift in Sources */,
				2B0FAA9F24891AE6008F809E /* High.swift in Sources */,
				2B0FAAA824891AE6008F809E /* PageInfo.swift in Sources */,
				2B0FAAA124891AE6008F809E /* Standard.swift in Sources */,
				2B0FAAA324891AE6008F809E /* ResourceId.swift in Sources */,
				2B0FAAA524891AE6008F809E /* Default.swift in Sources */,
				2B0FAAA724891AE6008F809E /* Snippet.swift in Sources */,
				2B0FAAA024891AE6008F809E /* Medium.swift in Sources */,
				2B0FAA9124891238008F809E /* Service.swift in Sources */,
				2B0FAAA424891AE6008F809E /* Thumbnails.swift in Sources */,
			);
			runOnlyForDeploymentPostprocessing = 0;
		};
/* End PBXSourcesBuildPhase section */

/* Begin PBXVariantGroup section */
		2BCDF8262488FDE300974942 /* Main.storyboard */ = {
			isa = PBXVariantGroup;
			children = (
				2BCDF8272488FDE300974942 /* Base */,
			);
			name = Main.storyboard;
			sourceTree = "<group>";
		};
		2BCDF82B2488FDE400974942 /* LaunchScreen.storyboard */ = {
			isa = PBXVariantGroup;
			children = (
				2BCDF82C2488FDE400974942 /* Base */,
			);
			name = LaunchScreen.storyboard;
			sourceTree = "<group>";
		};
/* End PBXVariantGroup section */

/* Begin XCBuildConfiguration section */
		2BCDF82F2488FDE400974942 /* Debug */ = {
			isa = XCBuildConfiguration;
			buildSettings = {
				ALWAYS_SEARCH_USER_PATHS = NO;
				CLANG_ANALYZER_NONNULL = YES;
				CLANG_ANALYZER_NUMBER_OBJECT_CONVERSION = YES_AGGRESSIVE;
				CLANG_CXX_LANGUAGE_STANDARD = "gnu++14";
				CLANG_CXX_LIBRARY = "libc++";
				CLANG_ENABLE_MODULES = YES;
				CLANG_ENABLE_OBJC_ARC = YES;
				CLANG_ENABLE_OBJC_WEAK = YES;
				CLANG_WARN_BLOCK_CAPTURE_AUTORELEASING = YES;
				CLANG_WARN_BOOL_CONVERSION = YES;
				CLANG_WARN_COMMA = YES;
				CLANG_WARN_CONSTANT_CONVERSION = YES;
				CLANG_WARN_DEPRECATED_OBJC_IMPLEMENTATIONS = YES;
				CLANG_WARN_DIRECT_OBJC_ISA_USAGE = YES_ERROR;
				CLANG_WARN_DOCUMENTATION_COMMENTS = YES;
				CLANG_WARN_EMPTY_BODY = YES;
				CLANG_WARN_ENUM_CONVERSION = YES;
				CLANG_WARN_INFINITE_RECURSION = YES;
				CLANG_WARN_INT_CONVERSION = YES;
				CLANG_WARN_NON_LITERAL_NULL_CONVERSION = YES;
				CLANG_WARN_OBJC_IMPLICIT_RETAIN_SELF = YES;
				CLANG_WARN_OBJC_LITERAL_CONVERSION = YES;
				CLANG_WARN_OBJC_ROOT_CLASS = YES_ERROR;
				CLANG_WARN_RANGE_LOOP_ANALYSIS = YES;
				CLANG_WARN_STRICT_PROTOTYPES = YES;
				CLANG_WARN_SUSPICIOUS_MOVE = YES;
				CLANG_WARN_UNGUARDED_AVAILABILITY = YES_AGGRESSIVE;
				CLANG_WARN_UNREACHABLE_CODE = YES;
				CLANG_WARN__DUPLICATE_METHOD_MATCH = YES;
				COPY_PHASE_STRIP = NO;
				DEBUG_INFORMATION_FORMAT = dwarf;
				ENABLE_STRICT_OBJC_MSGSEND = YES;
				ENABLE_TESTABILITY = YES;
				GCC_C_LANGUAGE_STANDARD = gnu11;
				GCC_DYNAMIC_NO_PIC = NO;
				GCC_NO_COMMON_BLOCKS = YES;
				GCC_OPTIMIZATION_LEVEL = 0;
				GCC_PREPROCESSOR_DEFINITIONS = (
					"DEBUG=1",
					"$(inherited)",
				);
				GCC_WARN_64_TO_32_BIT_CONVERSION = YES;
				GCC_WARN_ABOUT_RETURN_TYPE = YES_ERROR;
				GCC_WARN_UNDECLARED_SELECTOR = YES;
				GCC_WARN_UNINITIALIZED_AUTOS = YES_AGGRESSIVE;
				GCC_WARN_UNUSED_FUNCTION = YES;
				GCC_WARN_UNUSED_VARIABLE = YES;
				IPHONEOS_DEPLOYMENT_TARGET = 13.5;
				MTL_ENABLE_DEBUG_INFO = INCLUDE_SOURCE;
				MTL_FAST_MATH = YES;
				ONLY_ACTIVE_ARCH = YES;
				SDKROOT = iphoneos;
				SWIFT_ACTIVE_COMPILATION_CONDITIONS = DEBUG;
				SWIFT_OPTIMIZATION_LEVEL = "-Onone";
			};
			name = Debug;
		};
		2BCDF8302488FDE400974942 /* Release */ = {
			isa = XCBuildConfiguration;
			buildSettings = {
				ALWAYS_SEARCH_USER_PATHS = NO;
				CLANG_ANALYZER_NONNULL = YES;
				CLANG_ANALYZER_NUMBER_OBJECT_CONVERSION = YES_AGGRESSIVE;
				CLANG_CXX_LANGUAGE_STANDARD = "gnu++14";
				CLANG_CXX_LIBRARY = "libc++";
				CLANG_ENABLE_MODULES = YES;
				CLANG_ENABLE_OBJC_ARC = YES;
				CLANG_ENABLE_OBJC_WEAK = YES;
				CLANG_WARN_BLOCK_CAPTURE_AUTORELEASING = YES;
				CLANG_WARN_BOOL_CONVERSION = YES;
				CLANG_WARN_COMMA = YES;
				CLANG_WARN_CONSTANT_CONVERSION = YES;
				CLANG_WARN_DEPRECATED_OBJC_IMPLEMENTATIONS = YES;
				CLANG_WARN_DIRECT_OBJC_ISA_USAGE = YES_ERROR;
				CLANG_WARN_DOCUMENTATION_COMMENTS = YES;
				CLANG_WARN_EMPTY_BODY = YES;
				CLANG_WARN_ENUM_CONVERSION = YES;
				CLANG_WARN_INFINITE_RECURSION = YES;
				CLANG_WARN_INT_CONVERSION = YES;
				CLANG_WARN_NON_LITERAL_NULL_CONVERSION = YES;
				CLANG_WARN_OBJC_IMPLICIT_RETAIN_SELF = YES;
				CLANG_WARN_OBJC_LITERAL_CONVERSION = YES;
				CLANG_WARN_OBJC_ROOT_CLASS = YES_ERROR;
				CLANG_WARN_RANGE_LOOP_ANALYSIS = YES;
				CLANG_WARN_STRICT_PROTOTYPES = YES;
				CLANG_WARN_SUSPICIOUS_MOVE = YES;
				CLANG_WARN_UNGUARDED_AVAILABILITY = YES_AGGRESSIVE;
				CLANG_WARN_UNREACHABLE_CODE = YES;
				CLANG_WARN__DUPLICATE_METHOD_MATCH = YES;
				COPY_PHASE_STRIP = NO;
				DEBUG_INFORMATION_FORMAT = "dwarf-with-dsym";
				ENABLE_NS_ASSERTIONS = NO;
				ENABLE_STRICT_OBJC_MSGSEND = YES;
				GCC_C_LANGUAGE_STANDARD = gnu11;
				GCC_NO_COMMON_BLOCKS = YES;
				GCC_WARN_64_TO_32_BIT_CONVERSION = YES;
				GCC_WARN_ABOUT_RETURN_TYPE = YES_ERROR;
				GCC_WARN_UNDECLARED_SELECTOR = YES;
				GCC_WARN_UNINITIALIZED_AUTOS = YES_AGGRESSIVE;
				GCC_WARN_UNUSED_FUNCTION = YES;
				GCC_WARN_UNUSED_VARIABLE = YES;
				IPHONEOS_DEPLOYMENT_TARGET = 13.5;
				MTL_ENABLE_DEBUG_INFO = NO;
				MTL_FAST_MATH = YES;
				SDKROOT = iphoneos;
				SWIFT_COMPILATION_MODE = wholemodule;
				SWIFT_OPTIMIZATION_LEVEL = "-O";
				VALIDATE_PRODUCT = YES;
			};
			name = Release;
		};
		2BCDF8322488FDE400974942 /* Debug */ = {
			isa = XCBuildConfiguration;
			buildSettings = {
				ASSETCATALOG_COMPILER_APPICON_NAME = AppIcon;
				CODE_SIGN_STYLE = Automatic;
				DEVELOPMENT_TEAM = R7VYX35CT4;
				INFOPLIST_FILE = YouTube_Sample/Info.plist;
				LD_RUNPATH_SEARCH_PATHS = (
					"$(inherited)",
					"@executable_path/Frameworks",
				);
				PRODUCT_BUNDLE_IDENTIFIER = "com.udacity.YouTube-Sample";
				PRODUCT_NAME = "$(TARGET_NAME)";
				SWIFT_VERSION = 5.0;
				TARGETED_DEVICE_FAMILY = "1,2";
			};
			name = Debug;
		};
		2BCDF8332488FDE400974942 /* Release */ = {
			isa = XCBuildConfiguration;
			buildSettings = {
				ASSETCATALOG_COMPILER_APPICON_NAME = AppIcon;
				CODE_SIGN_STYLE = Automatic;
				DEVELOPMENT_TEAM = R7VYX35CT4;
				INFOPLIST_FILE = YouTube_Sample/Info.plist;
				LD_RUNPATH_SEARCH_PATHS = (
					"$(inherited)",
					"@executable_path/Frameworks",
				);
				PRODUCT_BUNDLE_IDENTIFIER = "com.udacity.YouTube-Sample";
				PRODUCT_NAME = "$(TARGET_NAME)";
				SWIFT_VERSION = 5.0;
				TARGETED_DEVICE_FAMILY = "1,2";
			};
			name = Release;
		};
/* End XCBuildConfiguration section */

/* Begin XCConfigurationList section */
		2BCDF8182488FDE300974942 /* Build configuration list for PBXProject "YouTube_Sample" */ = {
			isa = XCConfigurationList;
			buildConfigurations = (
				2BCDF82F2488FDE400974942 /* Debug */,
				2BCDF8302488FDE400974942 /* Release */,
			);
			defaultConfigurationIsVisible = 0;
			defaultConfigurationName = Release;
		};
		2BCDF8312488FDE400974942 /* Build configuration list for PBXNativeTarget "YouTube_Sample" */ = {
			isa = XCConfigurationList;
			buildConfigurations = (
				2BCDF8322488FDE400974942 /* Debug */,
				2BCDF8332488FDE400974942 /* Release */,
			);
			defaultConfigurationIsVisible = 0;
			defaultConfigurationName = Release;
		};
/* End XCConfigurationList section */
	};
	rootObject = 2BCDF8152488FDE300974942 /* Project object */;
}
